
Microsoft Visual Studio Solution File, Format Version 12.00
# Visual Studio Version 17
VisualStudioVersion = 17.8.34511.84
MinimumVisualStudioVersion = 10.0.40219.1
Project("{2150E333-8FDC-42A3-9474-1A3956D46DE8}") = "solution-items", "solution-items", "{F9D94043-EE92-45CD-956B-9682A094C68F}"
	ProjectSection(SolutionItems) = preProject
		.gitignore = .gitignore
		db-view.vsdx = db-view.vsdx
		Directory.Build.props = Directory.Build.props
		docker-compose.yaml = docker-compose.yaml
		DomainUseCases.txt = DomainUseCases.txt
	EndProjectSection
EndProject
Project("{9A19103F-16F7-4668-BE54-9A1E7A4F7556}") = "HelpDeskMaster.Domain", "HelpDeskMaster.Domain\HelpDeskMaster.Domain.csproj", "{F9DF3B78-6185-4AC1-8321-80005731A5C0}"
EndProject
Project("{9A19103F-16F7-4668-BE54-9A1E7A4F7556}") = "HelpDeskMaster.Domain.UnitTests", "HelpDeskMaster.Domain.UnitTests\HelpDeskMaster.Domain.UnitTests.csproj", "{E5812392-6D2A-455F-802C-6781115330B7}"
EndProject
Project("{2150E333-8FDC-42A3-9474-1A3956D46DE8}") = "src", "src", "{A842F11E-1C17-4F35-8425-26BD1C812EE7}"
EndProject
Project("{2150E333-8FDC-42A3-9474-1A3956D46DE8}") = "tests", "tests", "{D7D492F8-0731-420F-9AAF-65568F49E007}"
EndProject
Project("{9A19103F-16F7-4668-BE54-9A1E7A4F7556}") = "HelpDeskMaster.App", "HelpDeskMaster.App\HelpDeskMaster.App.csproj", "{19BF635C-6B71-46A3-B0D6-5F1409E08F33}"
EndProject
Project("{9A19103F-16F7-4668-BE54-9A1E7A4F7556}") = "HelpDeskMaster.Persistence", "HelpDeskMaster.Persistence\HelpDeskMaster.Persistence.csproj", "{D77A6A29-B19D-496E-ADAB-96CE443383B6}"
EndProject
Project("{9A19103F-16F7-4668-BE54-9A1E7A4F7556}") = "HelpDeskMaster.Domain.DependencyInjection", "HelpDeskMaster.Domain.DependencyInjection\HelpDeskMaster.Domain.DependencyInjection.csproj", "{48EAAE29-1DD7-4563-AC12-7F38280EA39D}"
EndProject
Project("{9A19103F-16F7-4668-BE54-9A1E7A4F7556}") = "HelpDeskMaster.Persistence.DependencyInjection", "HelpDeskMaster.Persistence.DependencyInjection\HelpDeskMaster.Persistence.DependencyInjection.csproj", "{0C5D1AF4-C2A4-4859-8EDE-3DFFA6FE8656}"
EndProject
Project("{9A19103F-16F7-4668-BE54-9A1E7A4F7556}") = "HelpDeskMaster.WebApi", "HelpDeskMaster.WebApi\HelpDeskMaster.WebApi.csproj", "{42466840-807E-4527-9654-782D7F6A0531}"
EndProject
Project("{9A19103F-16F7-4668-BE54-9A1E7A4F7556}") = "HelpDeskMaster.E2ETests", "HelpDeskMaster.E2ETests\HelpDeskMaster.E2ETests.csproj", "{3C1F416C-6694-433B-A49A-1537465FE166}"
EndProject
Project("{9A19103F-16F7-4668-BE54-9A1E7A4F7556}") = "HelpDeskMaster.App.DependencyInjection", "HelpDeskMaster.App.DependencyInjection\HelpDeskMaster.App.DependencyInjection.csproj", "{31F7AB47-11E4-4A9F-B09C-176C15A58E45}"
EndProject
Project("{9A19103F-16F7-4668-BE54-9A1E7A4F7556}") = "HelpDeskMaster.Infrastracture", "HelpDeskMaster.Infrastracture\HelpDeskMaster.Infrastracture.csproj", "{715449C1-1B32-4AD7-A1CE-F5460FAF5337}"
EndProject
Project("{9A19103F-16F7-4668-BE54-9A1E7A4F7556}") = "HelpDeskMaster.Infrastracture.DependencyInjection", "HelpDeskMaster.Infrastracture.DependencyInjection\HelpDeskMaster.Infrastracture.DependencyInjection.csproj", "{19E4E748-27DD-4992-9266-AEB24626B6A2}"
EndProject
Project("{2150E333-8FDC-42A3-9474-1A3956D46DE8}") = "Application", "Application", "{86F67FF1-5C5E-4D16-BF04-1CD83E1AD5E0}"
EndProject
Project("{2150E333-8FDC-42A3-9474-1A3956D46DE8}") = "Domain", "Domain", "{B7CEBAA5-74EB-4D68-9A6B-5BC84957E860}"
EndProject
Project("{2150E333-8FDC-42A3-9474-1A3956D46DE8}") = "Infrastracture", "Infrastracture", "{A306D9EA-71D3-4FE3-B441-3D889A812162}"
EndProject
Project("{2150E333-8FDC-42A3-9474-1A3956D46DE8}") = "Persistence", "Persistence", "{0301085F-FA2A-4D59-9998-2386F8FF9C59}"
EndProject
Global
	GlobalSection(SolutionConfigurationPlatforms) = preSolution
		Debug|Any CPU = Debug|Any CPU
		Release|Any CPU = Release|Any CPU
	EndGlobalSection
	GlobalSection(ProjectConfigurationPlatforms) = postSolution
		{F9DF3B78-6185-4AC1-8321-80005731A5C0}.Debug|Any CPU.ActiveCfg = Debug|Any CPU
		{F9DF3B78-6185-4AC1-8321-80005731A5C0}.Debug|Any CPU.Build.0 = Debug|Any CPU
		{F9DF3B78-6185-4AC1-8321-80005731A5C0}.Release|Any CPU.ActiveCfg = Release|Any CPU
		{F9DF3B78-6185-4AC1-8321-80005731A5C0}.Release|Any CPU.Build.0 = Release|Any CPU
		{E5812392-6D2A-455F-802C-6781115330B7}.Debug|Any CPU.ActiveCfg = Debug|Any CPU
		{E5812392-6D2A-455F-802C-6781115330B7}.Debug|Any CPU.Build.0 = Debug|Any CPU
		{E5812392-6D2A-455F-802C-6781115330B7}.Release|Any CPU.ActiveCfg = Release|Any CPU
		{E5812392-6D2A-455F-802C-6781115330B7}.Release|Any CPU.Build.0 = Release|Any CPU
		{19BF635C-6B71-46A3-B0D6-5F1409E08F33}.Debug|Any CPU.ActiveCfg = Debug|Any CPU
		{19BF635C-6B71-46A3-B0D6-5F1409E08F33}.Debug|Any CPU.Build.0 = Debug|Any CPU
		{19BF635C-6B71-46A3-B0D6-5F1409E08F33}.Release|Any CPU.ActiveCfg = Release|Any CPU
		{19BF635C-6B71-46A3-B0D6-5F1409E08F33}.Release|Any CPU.Build.0 = Release|Any CPU
		{D77A6A29-B19D-496E-ADAB-96CE443383B6}.Debug|Any CPU.ActiveCfg = Debug|Any CPU
		{D77A6A29-B19D-496E-ADAB-96CE443383B6}.Debug|Any CPU.Build.0 = Debug|Any CPU
		{D77A6A29-B19D-496E-ADAB-96CE443383B6}.Release|Any CPU.ActiveCfg = Release|Any CPU
		{D77A6A29-B19D-496E-ADAB-96CE443383B6}.Release|Any CPU.Build.0 = Release|Any CPU
		{48EAAE29-1DD7-4563-AC12-7F38280EA39D}.Debug|Any CPU.ActiveCfg = Debug|Any CPU
		{48EAAE29-1DD7-4563-AC12-7F38280EA39D}.Debug|Any CPU.Build.0 = Debug|Any CPU
		{48EAAE29-1DD7-4563-AC12-7F38280EA39D}.Release|Any CPU.ActiveCfg = Release|Any CPU
		{48EAAE29-1DD7-4563-AC12-7F38280EA39D}.Release|Any CPU.Build.0 = Release|Any CPU
		{0C5D1AF4-C2A4-4859-8EDE-3DFFA6FE8656}.Debug|Any CPU.ActiveCfg = Debug|Any CPU
		{0C5D1AF4-C2A4-4859-8EDE-3DFFA6FE8656}.Debug|Any CPU.Build.0 = Debug|Any CPU
		{0C5D1AF4-C2A4-4859-8EDE-3DFFA6FE8656}.Release|Any CPU.ActiveCfg = Release|Any CPU
		{0C5D1AF4-C2A4-4859-8EDE-3DFFA6FE8656}.Release|Any CPU.Build.0 = Release|Any CPU
		{42466840-807E-4527-9654-782D7F6A0531}.Debug|Any CPU.ActiveCfg = Debug|Any CPU
		{42466840-807E-4527-9654-782D7F6A0531}.Debug|Any CPU.Build.0 = Debug|Any CPU
		{42466840-807E-4527-9654-782D7F6A0531}.Release|Any CPU.ActiveCfg = Release|Any CPU
		{42466840-807E-4527-9654-782D7F6A0531}.Release|Any CPU.Build.0 = Release|Any CPU
		{3C1F416C-6694-433B-A49A-1537465FE166}.Debug|Any CPU.ActiveCfg = Debug|Any CPU
		{3C1F416C-6694-433B-A49A-1537465FE166}.Debug|Any CPU.Build.0 = Debug|Any CPU
		{3C1F416C-6694-433B-A49A-1537465FE166}.Release|Any CPU.ActiveCfg = Release|Any CPU
		{3C1F416C-6694-433B-A49A-1537465FE166}.Release|Any CPU.Build.0 = Release|Any CPU
		{31F7AB47-11E4-4A9F-B09C-176C15A58E45}.Debug|Any CPU.ActiveCfg = Debug|Any CPU
		{31F7AB47-11E4-4A9F-B09C-176C15A58E45}.Debug|Any CPU.Build.0 = Debug|Any CPU
		{31F7AB47-11E4-4A9F-B09C-176C15A58E45}.Release|Any CPU.ActiveCfg = Release|Any CPU
		{31F7AB47-11E4-4A9F-B09C-176C15A58E45}.Release|Any CPU.Build.0 = Release|Any CPU
		{715449C1-1B32-4AD7-A1CE-F5460FAF5337}.Debug|Any CPU.ActiveCfg = Debug|Any CPU
		{715449C1-1B32-4AD7-A1CE-F5460FAF5337}.Debug|Any CPU.Build.0 = Debug|Any CPU
		{715449C1-1B32-4AD7-A1CE-F5460FAF5337}.Release|Any CPU.ActiveCfg = Release|Any CPU
		{715449C1-1B32-4AD7-A1CE-F5460FAF5337}.Release|Any CPU.Build.0 = Release|Any CPU
		{19E4E748-27DD-4992-9266-AEB24626B6A2}.Debug|Any CPU.ActiveCfg = Debug|Any CPU
		{19E4E748-27DD-4992-9266-AEB24626B6A2}.Debug|Any CPU.Build.0 = Debug|Any CPU
		{19E4E748-27DD-4992-9266-AEB24626B6A2}.Release|Any CPU.ActiveCfg = Release|Any CPU
		{19E4E748-27DD-4992-9266-AEB24626B6A2}.Release|Any CPU.Build.0 = Release|Any CPU
	EndGlobalSection
	GlobalSection(SolutionProperties) = preSolution
		HideSolutionNode = FALSE
	EndGlobalSection
	GlobalSection(NestedProjects) = preSolution
		{F9DF3B78-6185-4AC1-8321-80005731A5C0} = {B7CEBAA5-74EB-4D68-9A6B-5BC84957E860}
		{E5812392-6D2A-455F-802C-6781115330B7} = {D7D492F8-0731-420F-9AAF-65568F49E007}
		{19BF635C-6B71-46A3-B0D6-5F1409E08F33} = {86F67FF1-5C5E-4D16-BF04-1CD83E1AD5E0}
		{D77A6A29-B19D-496E-ADAB-96CE443383B6} = {0301085F-FA2A-4D59-9998-2386F8FF9C59}
		{48EAAE29-1DD7-4563-AC12-7F38280EA39D} = {B7CEBAA5-74EB-4D68-9A6B-5BC84957E860}
		{0C5D1AF4-C2A4-4859-8EDE-3DFFA6FE8656} = {0301085F-FA2A-4D59-9998-2386F8FF9C59}
		{42466840-807E-4527-9654-782D7F6A0531} = {A842F11E-1C17-4F35-8425-26BD1C812EE7}
		{3C1F416C-6694-433B-A49A-1537465FE166} = {D7D492F8-0731-420F-9AAF-65568F49E007}
		{31F7AB47-11E4-4A9F-B09C-176C15A58E45} = {86F67FF1-5C5E-4D16-BF04-1CD83E1AD5E0}
		{715449C1-1B32-4AD7-A1CE-F5460FAF5337} = {A306D9EA-71D3-4FE3-B441-3D889A812162}
		{19E4E748-27DD-4992-9266-AEB24626B6A2} = {A306D9EA-71D3-4FE3-B441-3D889A812162}
		{86F67FF1-5C5E-4D16-BF04-1CD83E1AD5E0} = {A842F11E-1C17-4F35-8425-26BD1C812EE7}
		{B7CEBAA5-74EB-4D68-9A6B-5BC84957E860} = {A842F11E-1C17-4F35-8425-26BD1C812EE7}
		{A306D9EA-71D3-4FE3-B441-3D889A812162} = {A842F11E-1C17-4F35-8425-26BD1C812EE7}
		{0301085F-FA2A-4D59-9998-2386F8FF9C59} = {A842F11E-1C17-4F35-8425-26BD1C812EE7}
	EndGlobalSection
	GlobalSection(ExtensibilityGlobals) = postSolution
		SolutionGuid = {5C5DF49B-4A89-4D87-9FBE-CECCE621E0A7}
	EndGlobalSection
EndGlobal
